using System;

public class GasStationSolution
{
      public int CanCompleteCircuit(int[] gas, int[] cost)
      {
          int n = gas.Length;
          int totalGas = 0;
          int currentGas = 0;
          int startStation = 0;

          for (int i = 0; i < n; i++)
          {
              int diff = gas[i] - cost[i];
              currentGas += diff;
              totalGas += diff;

              if (currentGas < 0)
              {
                  // Reset currentGas and update startStation
                  currentGas = 0;
                  startStation = i + 1;
              }
          }

          return totalGas >= 0 ? startStation : -1;
      }

      // Example usage:
      public static void Main()
      {


          // int[] gas = { 1, 2, 3, 4 };
          // int[] cost = { 2, 2, 4, 1 };

          Console.WriteLine("Enter the no of gas station:");
          int size=int.Parse(Console.ReadLine());

          int[] gas= new int[size];
          int[] cost= new int[size];
          Console.WriteLine("Enter the value for gas:");
          for (int i = 0; i < gas.Length; i++)
          {
              gas[i] = int.Parse(Console.ReadLine());
          }
          Console.WriteLine("Enter the cost value:");
          for (int i = 0; i < cost.Length; i++)
          {
              cost[i] = int.Parse(Console.ReadLine());
          }



          GasStationSolution solution = new GasStationSolution();
          int result = solution.CanCompleteCircuit(gas, cost);

          Console.WriteLine("Starting gas station index: " + result);
          Console.ReadLine() ;
      }
  }
    






