using System;
using System.Collections.Generic;
using System.Linq;
using System.Text;
using System.Threading.Tasks;

namespace sortarray
{
    internal class Program
    {
        static void Main(string[] args)
        {
            Console.WriteLine("Enter the value size:");
           int size= int.Parse(Console.ReadLine());
            Console.WriteLine("Enter the array elements");
            int[] arr= new int[size];
            for (int i = 0; i < size; i++)
            {Console.Write(" element"+(i+1)+":\t");
                arr[i]=int.Parse(Console.ReadLine());
            }
            /*for (int i = 0; i < arr.Length -1; i++)
            {


                for (int j = 0; j < arr.Length-1; j++)
                {

                    if (arr[j] > arr[j+1])
                    {
                        int temp = arr[j];
                        arr[j] = arr[j+1];
                        arr[j+1] = temp;
                    }

                }
            }*/

            for (int i = 0; i < arr.Length - 1; i++)
            {


                for (int j = i + 1; j < arr.Length; j++)
                {

                    if (arr[j - 1] > arr[j])
                    {
                        int temp = arr[j - 1];
                        arr[j - 1] = arr[j];
                        arr[j] = temp;
                    }

                }
            }

            Console.WriteLine("the array of Assending Order :");
            for (int i = 0; i < size; i++)
            {
                
                Console.Write("|"+arr[i]+"|"+"\t");
                
            }Console.ReadLine();

            Console.WriteLine("the array of Desending Order :");
            for (int i = size-1; i >= 0; i--)
            {
                Console.Write("|" + arr[i] + "|" + "\t");

            }
            Console.ReadLine();
        }
    }
}
