
Microsoft Visual Studio Solution File, Format Version 12.00
# Visual Studio Version 17
VisualStudioVersion = 17.10.35122.118
MinimumVisualStudioVersion = 10.0.40219.1
Project("{FAE04EC0-301F-11D3-BF4B-00C04F79EFBC}") = "sortarray", "sortarray\sortarray.csproj", "{297BE8DD-1259-4771-A30A-840E0841C754}"
EndProject
Global
	GlobalSection(SolutionConfigurationPlatforms) = preSolution
		Debug|Any CPU = Debug|Any CPU
		Release|Any CPU = Release|Any CPU
	EndGlobalSection
	GlobalSection(ProjectConfigurationPlatforms) = postSolution
		{297BE8DD-1259-4771-A30A-840E0841C754}.Debug|Any CPU.ActiveCfg = Debug|Any CPU
		{297BE8DD-1259-4771-A30A-840E0841C754}.Debug|Any CPU.Build.0 = Debug|Any CPU
		{297BE8DD-1259-4771-A30A-840E0841C754}.Release|Any CPU.ActiveCfg = Release|Any CPU
		{297BE8DD-1259-4771-A30A-840E0841C754}.Release|Any CPU.Build.0 = Release|Any CPU
	EndGlobalSection
	GlobalSection(SolutionProperties) = preSolution
		HideSolutionNode = FALSE
	EndGlobalSection
	GlobalSection(ExtensibilityGlobals) = postSolution
		SolutionGuid = {F6ED4A50-363B-4CD3-9DFA-8B4C9232A14B}
	EndGlobalSection
EndGlobal
